version: 6
environments:
  benchmark:
    channels:
    - url: https://conda.anaconda.org/conda-forge/
    indexes:
    - https://pypi.org/simple
    options:
      pypi-prerelease-mode: if-necessary-or-explicit
    packages:
      osx-arm64:
      - conda: https://conda.anaconda.org/conda-forge/osx-arm64/bzip2-1.0.8-hd037594_9.conda
      - conda: https://conda.anaconda.org/conda-forge/noarch/ca-certificates-2026.2.25-hbd8a1cb_0.conda
      - conda: https://conda.anaconda.org/conda-forge/osx-arm64/icu-78.3-hef89b57_0.conda
      - conda: https://conda.anaconda.org/conda-forge/osx-arm64/libexpat-2.7.4-hf6b4638_0.conda
      - conda: https://conda.anaconda.org/conda-forge/osx-arm64/libffi-3.5.2-hcf2aa1b_0.conda
      - conda: https://conda.anaconda.org/conda-forge/osx-arm64/liblzma-5.8.2-h8088a28_0.conda
      - conda: https://conda.anaconda.org/conda-forge/osx-arm64/libmpdec-4.0.0-h84a0fba_1.conda
      - conda: https://conda.anaconda.org/conda-forge/osx-arm64/libsqlite-3.52.0-h1ae2325_0.conda
      - conda: https://conda.anaconda.org/conda-forge/osx-arm64/libzlib-1.3.2-h8088a28_2.conda
      - conda: https://conda.anaconda.org/conda-forge/osx-arm64/ncurses-6.5-h5e97a16_3.conda
      - conda: https://conda.anaconda.org/conda-forge/osx-arm64/openssl-3.6.1-hd24854e_1.conda
      - conda: https://conda.anaconda.org/conda-forge/osx-arm64/python-3.14.3-h6c44a53_1_cp314t.conda
      - conda: https://conda.anaconda.org/conda-forge/noarch/python_abi-3.14-8_cp314t.conda
      - conda: https://conda.anaconda.org/conda-forge/osx-arm64/readline-8.3-h46df422_0.conda
      - conda: https://conda.anaconda.org/conda-forge/osx-arm64/rust-1.94.0-h4ff7c5d_0.conda
      - conda: https://conda.anaconda.org/conda-forge/noarch/rust-std-aarch64-apple-darwin-1.94.0-hf6ec828_0.conda
      - conda: https://conda.anaconda.org/conda-forge/osx-arm64/tk-8.6.13-h010d191_3.conda
      - conda: https://conda.anaconda.org/conda-forge/noarch/tzdata-2025c-hc9c84f9_1.conda
      - conda: https://conda.anaconda.org/conda-forge/osx-arm64/zstd-1.5.7-hbf9d68e_6.conda
      - pypi: https://files.pythonhosted.org/packages/fe/75/0b4a10da17a44cf13567d08a9c7632a285297e46253263f1ae119129d10a/narwhals-2.18.0-py3-none-any.whl
      - pypi: https://files.pythonhosted.org/packages/e6/ef/b7c35e4d5ef141b836658ab21a66d1a573e15b335b1d111d31f26c8ef80f/numpy-2.4.3-cp314-cp314t-macosx_11_0_arm64.whl
      - pypi: https://files.pythonhosted.org/packages/b7/b9/c538f279a4e237a006a2c98387d081e9eb060d203d8ed34467cc0f0b9b53/packaging-26.0-py3-none-any.whl
      - pypi: https://files.pythonhosted.org/packages/69/5c/866a9bbd0f79263b4b0db6ec1a341be13a1473323f05c122388e0f15b21d/pandas-3.0.1-cp314-cp314t-macosx_11_0_arm64.whl
      - pypi: https://files.pythonhosted.org/packages/52/d2/c6e44dba74f17c6216ce1b56044a9b93a929f1c2d5bdaff892512b260f5e/plotly-6.6.0-py3-none-any.whl
      - pypi: https://files.pythonhosted.org/packages/ec/57/56b9bcc3c9c6a792fcbaf139543cee77261f3651ca9da0c93f5c1221264b/python_dateutil-2.9.0.post0-py2.py3-none-any.whl
      - pypi: https://files.pythonhosted.org/packages/7c/b0/c741e8865d61b67c81e255f4f0a832846c064e426636cd7de84e74d209be/scipy-1.17.1-cp314-cp314t-macosx_12_0_arm64.whl
      - pypi: https://files.pythonhosted.org/packages/b7/ce/149a00dd41f10bc29e5921b496af8b574d8413afcd5e30dfa0ed46c2cc5e/six-1.17.0-py2.py3-none-any.whl
  default:
    channels:
    - url: https://conda.anaconda.org/conda-forge/
    options:
      pypi-prerelease-mode: if-necessary-or-explicit
    packages:
      osx-arm64:
      - conda: https://conda.anaconda.org/conda-forge/osx-arm64/rust-1.94.0-h4ff7c5d_0.conda
      - conda: https://conda.anaconda.org/conda-forge/noarch/rust-std-aarch64-apple-darwin-1.94.0-hf6ec828_0.conda
packages:
- conda: https://conda.anaconda.org/conda-forge/osx-arm64/bzip2-1.0.8-hd037594_9.conda
  sha256: 540fe54be35fac0c17feefbdc3e29725cce05d7367ffedfaaa1bdda234b019df
  md5: 620b85a3f45526a8bc4d23fd78fc22f0
  depends:
  - __osx >=11.0
  license: bzip2-1.0.6
  license_family: BSD
  purls: []
  size: 124834
  timestamp: 1771350416561
- conda: https://conda.anaconda.org/conda-forge/noarch/ca-certificates-2026.2.25-hbd8a1cb_0.conda
  sha256: 67cc7101b36421c5913a1687ef1b99f85b5d6868da3abbf6ec1a4181e79782fc
  md5: 4492fd26db29495f0ba23f146cd5638d
  depends:
  - __unix
  license: ISC
  purls: []
  size: 147413
  timestamp: 1772006283803
- conda: https://conda.anaconda.org/conda-forge/osx-arm64/icu-78.3-hef89b57_0.conda
  sha256: 3a7907a17e9937d3a46dfd41cffaf815abad59a569440d1e25177c15fd0684e5
  md5: f1182c91c0de31a7abd40cedf6a5ebef
  depends:
  - __osx >=11.0
  license: MIT
  license_family: MIT
  purls: []
  size: 12361647
  timestamp: 1773822915649
- conda: https://conda.anaconda.org/conda-forge/osx-arm64/libexpat-2.7.4-hf6b4638_0.conda
  sha256: 03887d8080d6a8fe02d75b80929271b39697ecca7628f0657d7afaea87761edf
  md5: a92e310ae8dfc206ff449f362fc4217f
  depends:
  - __osx >=11.0
  constrains:
  - expat 2.7.4.*
  license: MIT
  license_family: MIT
  purls: []
  size: 68199
  timestamp: 1771260020767
- conda: https://conda.anaconda.org/conda-forge/osx-arm64/libffi-3.5.2-hcf2aa1b_0.conda
  sha256: 6686a26466a527585e6a75cc2a242bf4a3d97d6d6c86424a441677917f28bec7
  md5: 43c04d9cb46ef176bb2a4c77e324d599
  depends:
  - __osx >=11.0
  license: MIT
  license_family: MIT
  purls: []
  size: 40979
  timestamp: 1769456747661
- conda: https://conda.anaconda.org/conda-forge/osx-arm64/liblzma-5.8.2-h8088a28_0.conda
  sha256: 7bfc7ffb2d6a9629357a70d4eadeadb6f88fa26ebc28f606b1c1e5e5ed99dc7e
  md5: 009f0d956d7bfb00de86901d16e486c7
  depends:
  - __osx >=11.0
  constrains:
  - xz 5.8.2.*
  license: 0BSD
  purls: []
  size: 92242
  timestamp: 1768752982486
- conda: https://conda.anaconda.org/conda-forge/osx-arm64/libmpdec-4.0.0-h84a0fba_1.conda
  sha256: 1089c7f15d5b62c622625ec6700732ece83be8b705da8c6607f4dabb0c4bd6d2
  md5: 57c4be259f5e0b99a5983799a228ae55
  depends:
  - __osx >=11.0
  license: BSD-2-Clause
  license_family: BSD
  purls: []
  size: 73690
  timestamp: 1769482560514
- conda: https://conda.anaconda.org/conda-forge/osx-arm64/libsqlite-3.52.0-h1ae2325_0.conda
  sha256: beb0fd5594d6d7c7cd42c992b6bb4d66cbb39d6c94a8234f15956da99a04306c
  md5: f6233a3fddc35a2ec9f617f79d6f3d71
  depends:
  - __osx >=11.0
  - icu >=78.2,<79.0a0
  - libzlib >=1.3.1,<2.0a0
  license: blessing
  purls: []
  size: 918420
  timestamp: 1772819478684
- conda: https://conda.anaconda.org/conda-forge/osx-arm64/libzlib-1.3.2-h8088a28_2.conda
  sha256: 361415a698514b19a852f5d1123c5da746d4642139904156ddfca7c922d23a05
  md5: bc5a5721b6439f2f62a84f2548136082
  depends:
  - __osx >=11.0
  constrains:
  - zlib 1.3.2 *_2
  license: Zlib
  license_family: Other
  purls: []
  size: 47759
  timestamp: 1774072956767
- pypi: https://files.pythonhosted.org/packages/fe/75/0b4a10da17a44cf13567d08a9c7632a285297e46253263f1ae119129d10a/narwhals-2.18.0-py3-none-any.whl
  name: narwhals
  version: 2.18.0
  sha256: 68378155ee706ac9c5b25868ef62ecddd62947b6df7801a0a156bc0a615d2d0d
  requires_dist:
  - cudf-cu12>=24.10.0 ; extra == 'cudf'
  - dask[dataframe]>=2024.8 ; extra == 'dask'
  - duckdb>=1.1 ; extra == 'duckdb'
  - ibis-framework>=6.0.0 ; extra == 'ibis'
  - packaging ; extra == 'ibis'
  - pyarrow-hotfix ; extra == 'ibis'
  - rich ; extra == 'ibis'
  - modin ; extra == 'modin'
  - pandas>=1.1.3 ; extra == 'pandas'
  - polars>=0.20.4 ; extra == 'polars'
  - pyarrow>=13.0.0 ; extra == 'pyarrow'
  - pyspark>=3.5.0 ; extra == 'pyspark'
  - pyspark[connect]>=3.5.0 ; extra == 'pyspark-connect'
  - duckdb>=1.1 ; extra == 'sql'
  - sqlparse ; extra == 'sql'
  - sqlframe>=3.22.0,!=3.39.3 ; extra == 'sqlframe'
  requires_python: '>=3.9'
- conda: https://conda.anaconda.org/conda-forge/osx-arm64/ncurses-6.5-h5e97a16_3.conda
  sha256: 2827ada40e8d9ca69a153a45f7fd14f32b2ead7045d3bbb5d10964898fe65733
  md5: 068d497125e4bf8a66bf707254fff5ae
  depends:
  - __osx >=11.0
  license: X11 AND BSD-3-Clause
  purls: []
  size: 797030
  timestamp: 1738196177597
- pypi: https://files.pythonhosted.org/packages/e6/ef/b7c35e4d5ef141b836658ab21a66d1a573e15b335b1d111d31f26c8ef80f/numpy-2.4.3-cp314-cp314t-macosx_11_0_arm64.whl
  name: numpy
  version: 2.4.3
  sha256: 0a195f4216be9305a73c0e91c9b026a35f2161237cf1c6de9b681637772ea657
  requires_python: '>=3.11'
- conda: https://conda.anaconda.org/conda-forge/osx-arm64/openssl-3.6.1-hd24854e_1.conda
  sha256: 361f5c5e60052abc12bdd1b50d7a1a43e6a6653aab99a2263bf2288d709dcf67
  md5: f4f6ad63f98f64191c3e77c5f5f29d76
  depends:
  - __osx >=11.0
  - ca-certificates
  license: Apache-2.0
  license_family: Apache
  purls: []
  size: 3104268
  timestamp: 1769556384749
- pypi: https://files.pythonhosted.org/packages/b7/b9/c538f279a4e237a006a2c98387d081e9eb060d203d8ed34467cc0f0b9b53/packaging-26.0-py3-none-any.whl
  name: packaging
  version: '26.0'
  sha256: b36f1fef9334a5588b4166f8bcd26a14e521f2b55e6b9de3aaa80d3ff7a37529
  requires_python: '>=3.8'
- pypi: https://files.pythonhosted.org/packages/69/5c/866a9bbd0f79263b4b0db6ec1a341be13a1473323f05c122388e0f15b21d/pandas-3.0.1-cp314-cp314t-macosx_11_0_arm64.whl
  name: pandas
  version: 3.0.1
  sha256: cd9af1276b5ca9e298bd79a26bda32fa9cc87ed095b2a9a60978d2ca058eaf87
  requires_dist:
  - numpy>=1.26.0 ; python_full_version < '3.14'
  - numpy>=2.3.3 ; python_full_version >= '3.14'
  - python-dateutil>=2.8.2
  - tzdata ; sys_platform == 'win32'
  - tzdata ; sys_platform == 'emscripten'
  - hypothesis>=6.116.0 ; extra == 'test'
  - pytest>=8.3.4 ; extra == 'test'
  - pytest-xdist>=3.6.1 ; extra == 'test'
  - pyarrow>=13.0.0 ; extra == 'pyarrow'
  - bottleneck>=1.4.2 ; extra == 'performance'
  - numba>=0.60.0 ; extra == 'performance'
  - numexpr>=2.10.2 ; extra == 'performance'
  - scipy>=1.14.1 ; extra == 'computation'
  - xarray>=2024.10.0 ; extra == 'computation'
  - fsspec>=2024.10.0 ; extra == 'fss'
  - s3fs>=2024.10.0 ; extra == 'aws'
  - gcsfs>=2024.10.0 ; extra == 'gcp'
  - odfpy>=1.4.1 ; extra == 'excel'
  - openpyxl>=3.1.5 ; extra == 'excel'
  - python-calamine>=0.3.0 ; extra == 'excel'
  - pyxlsb>=1.0.10 ; extra == 'excel'
  - xlrd>=2.0.1 ; extra == 'excel'
  - xlsxwriter>=3.2.0 ; extra == 'excel'
  - pyarrow>=13.0.0 ; extra == 'parquet'
  - pyarrow>=13.0.0 ; extra == 'feather'
  - pyiceberg>=0.8.1 ; extra == 'iceberg'
  - tables>=3.10.1 ; extra == 'hdf5'
  - pyreadstat>=1.2.8 ; extra == 'spss'
  - sqlalchemy>=2.0.36 ; extra == 'postgresql'
  - psycopg2>=2.9.10 ; extra == 'postgresql'
  - adbc-driver-postgresql>=1.2.0 ; extra == 'postgresql'
  - sqlalchemy>=2.0.36 ; extra == 'mysql'
  - pymysql>=1.1.1 ; extra == 'mysql'
  - sqlalchemy>=2.0.36 ; extra == 'sql-other'
  - adbc-driver-postgresql>=1.2.0 ; extra == 'sql-other'
  - adbc-driver-sqlite>=1.2.0 ; extra == 'sql-other'
  - beautifulsoup4>=4.12.3 ; extra == 'html'
  - html5lib>=1.1 ; extra == 'html'
  - lxml>=5.3.0 ; extra == 'html'
  - lxml>=5.3.0 ; extra == 'xml'
  - matplotlib>=3.9.3 ; extra == 'plot'
  - jinja2>=3.1.5 ; extra == 'output-formatting'
  - tabulate>=0.9.0 ; extra == 'output-formatting'
  - pyqt5>=5.15.9 ; extra == 'clipboard'
  - qtpy>=2.4.2 ; extra == 'clipboard'
  - zstandard>=0.23.0 ; extra == 'compression'
  - pytz>=2024.2 ; extra == 'timezone'
  - adbc-driver-postgresql>=1.2.0 ; extra == 'all'
  - adbc-driver-sqlite>=1.2.0 ; extra == 'all'
  - beautifulsoup4>=4.12.3 ; extra == 'all'
  - bottleneck>=1.4.2 ; extra == 'all'
  - fastparquet>=2024.11.0 ; extra == 'all'
  - fsspec>=2024.10.0 ; extra == 'all'
  - gcsfs>=2024.10.0 ; extra == 'all'
  - html5lib>=1.1 ; extra == 'all'
  - hypothesis>=6.116.0 ; extra == 'all'
  - jinja2>=3.1.5 ; extra == 'all'
  - lxml>=5.3.0 ; extra == 'all'
  - matplotlib>=3.9.3 ; extra == 'all'
  - numba>=0.60.0 ; extra == 'all'
  - numexpr>=2.10.2 ; extra == 'all'
  - odfpy>=1.4.1 ; extra == 'all'
  - openpyxl>=3.1.5 ; extra == 'all'
  - psycopg2>=2.9.10 ; extra == 'all'
  - pyarrow>=13.0.0 ; extra == 'all'
  - pyiceberg>=0.8.1 ; extra == 'all'
  - pymysql>=1.1.1 ; extra == 'all'
  - pyqt5>=5.15.9 ; extra == 'all'
  - pyreadstat>=1.2.8 ; extra == 'all'
  - pytest>=8.3.4 ; extra == 'all'
  - pytest-xdist>=3.6.1 ; extra == 'all'
  - python-calamine>=0.3.0 ; extra == 'all'
  - pytz>=2024.2 ; extra == 'all'
  - pyxlsb>=1.0.10 ; extra == 'all'
  - qtpy>=2.4.2 ; extra == 'all'
  - scipy>=1.14.1 ; extra == 'all'
  - s3fs>=2024.10.0 ; extra == 'all'
  - sqlalchemy>=2.0.36 ; extra == 'all'
  - tables>=3.10.1 ; extra == 'all'
  - tabulate>=0.9.0 ; extra == 'all'
  - xarray>=2024.10.0 ; extra == 'all'
  - xlrd>=2.0.1 ; extra == 'all'
  - xlsxwriter>=3.2.0 ; extra == 'all'
  - zstandard>=0.23.0 ; extra == 'all'
  requires_python: '>=3.11'
- pypi: https://files.pythonhosted.org/packages/52/d2/c6e44dba74f17c6216ce1b56044a9b93a929f1c2d5bdaff892512b260f5e/plotly-6.6.0-py3-none-any.whl
  name: plotly
  version: 6.6.0
  sha256: 8d6daf0f87412e0c0bfe72e809d615217ab57cc715899a1e5145135a7800d1d0
  requires_dist:
  - narwhals>=1.15.1
  - packaging
  - numpy ; extra == 'express'
  - kaleido>=1.1.0 ; extra == 'kaleido'
  - pytest ; extra == 'dev-core'
  - requests ; extra == 'dev-core'
  - ruff==0.11.12 ; extra == 'dev-core'
  - plotly[dev-core] ; extra == 'dev-build'
  - build ; extra == 'dev-build'
  - jupyter ; extra == 'dev-build'
  - plotly[dev-build] ; extra == 'dev-optional'
  - plotly[kaleido] ; extra == 'dev-optional'
  - anywidget ; extra == 'dev-optional'
  - colorcet ; extra == 'dev-optional'
  - fiona<=1.9.6 ; python_full_version < '3.9' and extra == 'dev-optional'
  - geopandas ; extra == 'dev-optional'
  - inflect ; extra == 'dev-optional'
  - numpy ; extra == 'dev-optional'
  - orjson ; extra == 'dev-optional'
  - pandas ; extra == 'dev-optional'
  - pdfrw ; extra == 'dev-optional'
  - pillow ; extra == 'dev-optional'
  - plotly-geo ; extra == 'dev-optional'
  - polars[timezone] ; extra == 'dev-optional'
  - pyarrow ; extra == 'dev-optional'
  - pyshp ; extra == 'dev-optional'
  - pytz ; extra == 'dev-optional'
  - scikit-image ; extra == 'dev-optional'
  - scipy ; extra == 'dev-optional'
  - shapely ; extra == 'dev-optional'
  - statsmodels ; extra == 'dev-optional'
  - vaex ; python_full_version < '3.10' and extra == 'dev-optional'
  - xarray ; extra == 'dev-optional'
  - plotly[dev-optional] ; extra == 'dev'
  requires_python: '>=3.8'
- conda: https://conda.anaconda.org/conda-forge/osx-arm64/python-3.14.3-h6c44a53_1_cp314t.conda
  build_number: 1
  sha256: 5c486decc89d7a37fc857cb5b2d082f9eb5431bfb297fe918e19486b68132a90
  md5: 0d7aa835116ac599e38c194457ed970c
  depends:
  - __osx >=11.0
  - bzip2 >=1.0.8,<2.0a0
  - libexpat >=2.7.3,<3.0a0
  - libffi >=3.5.2,<3.6.0a0
  - liblzma >=5.8.2,<6.0a0
  - libmpdec >=4.0.0,<5.0a0
  - libsqlite >=3.51.2,<4.0a0
  - libzlib >=1.3.1,<2.0a0
  - ncurses >=6.5,<7.0a0
  - openssl >=3.5.5,<4.0a0
  - python_abi 3.14.* *_cp314t
  - readline >=8.3,<9.0a0
  - tk >=8.6.13,<8.7.0a0
  - tzdata
  - zstd >=1.5.7,<1.6.0a0
  track_features:
  - py_freethreading
  license: Python-2.0
  purls: []
  size: 15619080
  timestamp: 1770675696123
  python_site_packages_path: lib/python3.14t/site-packages
- pypi: https://files.pythonhosted.org/packages/ec/57/56b9bcc3c9c6a792fcbaf139543cee77261f3651ca9da0c93f5c1221264b/python_dateutil-2.9.0.post0-py2.py3-none-any.whl
  name: python-dateutil
  version: 2.9.0.post0
  sha256: a8b2bc7bffae282281c8140a97d3aa9c14da0b136dfe83f850eea9a5f7470427
  requires_dist:
  - six>=1.5
  requires_python: '>=2.7,!=3.0.*,!=3.1.*,!=3.2.*'
- conda: https://conda.anaconda.org/conda-forge/noarch/python_abi-3.14-8_cp314t.conda
  build_number: 8
  sha256: d9ed2538fba61265a330ee1b1afe99a4bb23ace706172b9464546c7e01259d63
  md5: 3251796e09870c978e0f69fa05e38fb6
  constrains:
  - python 3.14.* *_cp314t
  license: BSD-3-Clause
  license_family: BSD
  purls: []
  size: 7020
  timestamp: 1752805919426
- conda: https://conda.anaconda.org/conda-forge/osx-arm64/readline-8.3-h46df422_0.conda
  sha256: a77010528efb4b548ac2a4484eaf7e1c3907f2aec86123ed9c5212ae44502477
  md5: f8381319127120ce51e081dce4865cf4
  depends:
  - __osx >=11.0
  - ncurses >=6.5,<7.0a0
  license: GPL-3.0-only
  license_family: GPL
  purls: []
  size: 313930
  timestamp: 1765813902568
- conda: https://conda.anaconda.org/conda-forge/osx-arm64/rust-1.94.0-h4ff7c5d_0.conda
  sha256: 811c519f01d0d26587cdc99ba2c77ea8affd1cef0990e61c0a4ed663451d01b3
  md5: fb0fc448d379337e26f2633bd15bfcd8
  depends:
  - rust-std-aarch64-apple-darwin 1.94.0 hf6ec828_0
  license: MIT
  license_family: MIT
  purls: []
  size: 183759788
  timestamp: 1773066599252
- conda: https://conda.anaconda.org/conda-forge/noarch/rust-std-aarch64-apple-darwin-1.94.0-hf6ec828_0.conda
  sha256: ad761500228974aad3d422902a87c8c2d938fb3f76dd356f7629fd16f5f214a4
  md5: 4aa5527d3163e6644197772dc56261c9
  depends:
  - __unix
  constrains:
  - rust >=1.94.0,<1.94.1.0a0
  license: MIT
  license_family: MIT
  purls: []
  size: 32683899
  timestamp: 1773066361926
- pypi: https://files.pythonhosted.org/packages/7c/b0/c741e8865d61b67c81e255f4f0a832846c064e426636cd7de84e74d209be/scipy-1.17.1-cp314-cp314t-macosx_12_0_arm64.whl
  name: scipy
  version: 1.17.1
  sha256: 2040ad4d1795a0ae89bfc7e8429677f365d45aa9fd5e4587cf1ea737f927b4a1
  requires_dist:
  - numpy>=1.26.4,<2.7
  - pytest>=8.0.0 ; extra == 'test'
  - pytest-cov ; extra == 'test'
  - pytest-timeout ; extra == 'test'
  - pytest-xdist ; extra == 'test'
  - asv ; extra == 'test'
  - mpmath ; extra == 'test'
  - gmpy2 ; extra == 'test'
  - threadpoolctl ; extra == 'test'
  - scikit-umfpack ; extra == 'test'
  - pooch ; extra == 'test'
  - hypothesis>=6.30 ; extra == 'test'
  - array-api-strict>=2.3.1 ; extra == 'test'
  - cython ; extra == 'test'
  - meson ; extra == 'test'
  - ninja ; sys_platform != 'emscripten' and extra == 'test'
  - sphinx>=5.0.0,<8.2.0 ; extra == 'doc'
  - intersphinx-registry ; extra == 'doc'
  - pydata-sphinx-theme>=0.15.2 ; extra == 'doc'
  - sphinx-copybutton ; extra == 'doc'
  - sphinx-design>=0.4.0 ; extra == 'doc'
  - matplotlib>=3.5 ; extra == 'doc'
  - numpydoc ; extra == 'doc'
  - jupytext ; extra == 'doc'
  - myst-nb>=1.2.0 ; extra == 'doc'
  - pooch ; extra == 'doc'
  - jupyterlite-sphinx>=0.19.1 ; extra == 'doc'
  - jupyterlite-pyodide-kernel ; extra == 'doc'
  - linkify-it-py ; extra == 'doc'
  - tabulate ; extra == 'doc'
  - click<8.3.0 ; extra == 'dev'
  - spin ; extra == 'dev'
  - mypy==1.10.0 ; extra == 'dev'
  - typing-extensions ; extra == 'dev'
  - types-psutil ; extra == 'dev'
  - pycodestyle ; extra == 'dev'
  - ruff>=0.12.0 ; extra == 'dev'
  - cython-lint>=0.12.2 ; extra == 'dev'
  requires_python: '>=3.11'
- pypi: https://files.pythonhosted.org/packages/b7/ce/149a00dd41f10bc29e5921b496af8b574d8413afcd5e30dfa0ed46c2cc5e/six-1.17.0-py2.py3-none-any.whl
  name: six
  version: 1.17.0
  sha256: 4721f391ed90541fddacab5acf947aa0d3dc7d27b2e1e8eda2be8970586c3274
  requires_python: '>=2.7,!=3.0.*,!=3.1.*,!=3.2.*'
- conda: https://conda.anaconda.org/conda-forge/osx-arm64/tk-8.6.13-h010d191_3.conda
  sha256: 799cab4b6cde62f91f750149995d149bc9db525ec12595e8a1d91b9317f038b3
  md5: a9d86bc62f39b94c4661716624eb21b0
  depends:
  - __osx >=11.0
  - libzlib >=1.3.1,<2.0a0
  license: TCL
  license_family: BSD
  purls: []
  size: 3127137
  timestamp: 1769460817696
- conda: https://conda.anaconda.org/conda-forge/noarch/tzdata-2025c-hc9c84f9_1.conda
  sha256: 1d30098909076af33a35017eed6f2953af1c769e273a0626a04722ac4acaba3c
  md5: ad659d0a2b3e47e38d829aa8cad2d610
  license: LicenseRef-Public-Domain
  purls: []
  size: 119135
  timestamp: 1767016325805
- conda: https://conda.anaconda.org/conda-forge/osx-arm64/zstd-1.5.7-hbf9d68e_6.conda
  sha256: 9485ba49e8f47d2b597dd399e88f4802e100851b27c21d7525625b0b4025a5d9
  md5: ab136e4c34e97f34fb621d2592a393d8
  depends:
  - __osx >=11.0
  - libzlib >=1.3.1,<2.0a0
  license: BSD-3-Clause
  license_family: BSD
  purls: []
  size: 433413
  timestamp: 1764777166076
